
Microsoft Visual Studio Solution File, Format Version 12.00
# Visual Studio Version 16
VisualStudioVersion = 16.0.31205.134
MinimumVisualStudioVersion = 10.0.40219.1
Project("{FAE04EC0-301F-11D3-BF4B-00C04F79EFBC}") = "desafio", "desafio.csproj", "{DD0BC559-54A3-4F95-8D75-C188E5162C37}"
EndProject
Global
	GlobalSection(SolutionConfigurationPlatforms) = preSolution
		Debug|Any CPU = Debug|Any CPU
		Release|Any CPU = Release|Any CPU
	EndGlobalSection
	GlobalSection(ProjectConfigurationPlatforms) = postSolution
		{DD0BC559-54A3-4F95-8D75-C188E5162C37}.Debug|Any CPU.ActiveCfg = Debug|Any CPU
		{DD0BC559-54A3-4F95-8D75-C188E5162C37}.Debug|Any CPU.Build.0 = Debug|Any CPU
		{DD0BC559-54A3-4F95-8D75-C188E5162C37}.Release|Any CPU.ActiveCfg = Release|Any CPU
		{DD0BC559-54A3-4F95-8D75-C188E5162C37}.Release|Any CPU.Build.0 = Release|Any CPU
	EndGlobalSection
	GlobalSection(SolutionProperties) = preSolution
		HideSolutionNode = FALSE
	EndGlobalSection
	GlobalSection(ExtensibilityGlobals) = postSolution
		SolutionGuid = {03A7E124-A408-4B33-BE27-67BA7035E33A}
	EndGlobalSection
EndGlobal
